
Microsoft Visual Studio Solution File, Format Version 12.00
# Visual Studio Version 16
VisualStudioVersion = 16.0.30711.63
MinimumVisualStudioVersion = 10.0.40219.1
Project("{FAE04EC0-301F-11D3-BF4B-00C04F79EFBC}") = "Leave-Portal", "Leave-Portal\Leave-Portal.csproj", "{40E00AAE-5381-496F-ABC4-FC38FE6B4A2E}"
EndProject
Global
	GlobalSection(SolutionConfigurationPlatforms) = preSolution
		Debug|Any CPU = Debug|Any CPU
		Release|Any CPU = Release|Any CPU
	EndGlobalSection
	GlobalSection(ProjectConfigurationPlatforms) = postSolution
		{40E00AAE-5381-496F-ABC4-FC38FE6B4A2E}.Debug|Any CPU.ActiveCfg = Debug|Any CPU
		{40E00AAE-5381-496F-ABC4-FC38FE6B4A2E}.Debug|Any CPU.Build.0 = Debug|Any CPU
		{40E00AAE-5381-496F-ABC4-FC38FE6B4A2E}.Release|Any CPU.ActiveCfg = Release|Any CPU
		{40E00AAE-5381-496F-ABC4-FC38FE6B4A2E}.Release|Any CPU.Build.0 = Release|Any CPU
	EndGlobalSection
	GlobalSection(SolutionProperties) = preSolution
		HideSolutionNode = FALSE
	EndGlobalSection
	GlobalSection(ExtensibilityGlobals) = postSolution
		SolutionGuid = {325499EA-D2B5-4F41-ABC7-7B5336C4BF0C}
	EndGlobalSection
EndGlobal
